
Microsoft Visual Studio Solution File, Format Version 12.00
# Visual Studio Version 16
VisualStudioVersion = 16.0.31025.194
MinimumVisualStudioVersion = 10.0.40219.1
Project("{E24C65DC-7377-472B-9ABA-BC803B73C61A}") = "תפריט ניווט-יובל סינואני,עדי משה ורעות גירד", "..\..\שיעור 12\תפריט ניווט-יובל סינואני,עדי משה ורעות גירד\", "{6201101F-D93D-424E-8513-7D26D72B9DD0}"
	ProjectSection(WebsiteProperties) = preProject
		TargetFrameworkMoniker = ".NETFramework,Version%3Dv4.0"
		Debug.AspNetCompiler.VirtualPath = "/localhost_60544"
		Debug.AspNetCompiler.PhysicalPath = "..\..\..\OneDrive\מסמכים\שנה א\סמסטר ב\פיתוח אתרי אינטרנט\שיעור 12\תפריט ניווט-יובל סינואני,עדי משה ורעות גירד\"
		Debug.AspNetCompiler.TargetPath = "PrecompiledWeb\localhost_60544\"
		Debug.AspNetCompiler.Updateable = "true"
		Debug.AspNetCompiler.ForceOverwrite = "true"
		Debug.AspNetCompiler.FixedNames = "false"
		Debug.AspNetCompiler.Debug = "True"
		Release.AspNetCompiler.VirtualPath = "/localhost_60544"
		Release.AspNetCompiler.PhysicalPath = "..\..\..\OneDrive\מסמכים\שנה א\סמסטר ב\פיתוח אתרי אינטרנט\שיעור 12\תפריט ניווט-יובל סינואני,עדי משה ורעות גירד\"
		Release.AspNetCompiler.TargetPath = "PrecompiledWeb\localhost_60544\"
		Release.AspNetCompiler.Updateable = "true"
		Release.AspNetCompiler.ForceOverwrite = "true"
		Release.AspNetCompiler.FixedNames = "false"
		Release.AspNetCompiler.Debug = "False"
		VWDPort = "60544"
	EndProjectSection
EndProject
Global
	GlobalSection(SolutionConfigurationPlatforms) = preSolution
		Debug|Any CPU = Debug|Any CPU
	EndGlobalSection
	GlobalSection(ProjectConfigurationPlatforms) = postSolution
		{6201101F-D93D-424E-8513-7D26D72B9DD0}.Debug|Any CPU.ActiveCfg = Debug|Any CPU
		{6201101F-D93D-424E-8513-7D26D72B9DD0}.Debug|Any CPU.Build.0 = Debug|Any CPU
	EndGlobalSection
	GlobalSection(SolutionProperties) = preSolution
		HideSolutionNode = FALSE
	EndGlobalSection
	GlobalSection(ExtensibilityGlobals) = postSolution
		SolutionGuid = {1754F784-E7D9-440B-AD7A-C58EA164700C}
	EndGlobalSection
EndGlobal
